
Microsoft Visual Studio Solution File, Format Version 12.00
# Visual Studio 15
VisualStudioVersion = 15.0.28307.645
MinimumVisualStudioVersion = 10.0.40219.1
Project("{8BC9CEB8-8B4A-11D0-8D11-00A0C91BC942}") = "ConsoleApplication2", "ConsoleApplication2\ConsoleApplication2.vcxproj", "{2AD7B2D5-6DA6-4275-92C9-89A36E994041}"
EndProject
Project("{8BC9CEB8-8B4A-11D0-8D11-00A0C91BC942}") = "Test jednostkowy1", "Test jednostkowy1\Test jednostkowy1.vcxproj", "{1598BC51-DFD3-4391-81BF-91A7A02A0DCE}"
EndProject
Global
	GlobalSection(SolutionConfigurationPlatforms) = preSolution
		Debug|x64 = Debug|x64
		Debug|x86 = Debug|x86
		Release|x64 = Release|x64
		Release|x86 = Release|x86
	EndGlobalSection
	GlobalSection(ProjectConfigurationPlatforms) = postSolution
		{2AD7B2D5-6DA6-4275-92C9-89A36E994041}.Debug|x64.ActiveCfg = Debug|x64
		{2AD7B2D5-6DA6-4275-92C9-89A36E994041}.Debug|x64.Build.0 = Debug|x64
		{2AD7B2D5-6DA6-4275-92C9-89A36E994041}.Debug|x86.ActiveCfg = Debug|Win32
		{2AD7B2D5-6DA6-4275-92C9-89A36E994041}.Debug|x86.Build.0 = Debug|Win32
		{2AD7B2D5-6DA6-4275-92C9-89A36E994041}.Release|x64.ActiveCfg = Release|x64
		{2AD7B2D5-6DA6-4275-92C9-89A36E994041}.Release|x64.Build.0 = Release|x64
		{2AD7B2D5-6DA6-4275-92C9-89A36E994041}.Release|x86.ActiveCfg = Release|Win32
		{2AD7B2D5-6DA6-4275-92C9-89A36E994041}.Release|x86.Build.0 = Release|Win32
		{1598BC51-DFD3-4391-81BF-91A7A02A0DCE}.Debug|x64.ActiveCfg = Debug|x64
		{1598BC51-DFD3-4391-81BF-91A7A02A0DCE}.Debug|x64.Build.0 = Debug|x64
		{1598BC51-DFD3-4391-81BF-91A7A02A0DCE}.Debug|x86.ActiveCfg = Debug|Win32
		{1598BC51-DFD3-4391-81BF-91A7A02A0DCE}.Debug|x86.Build.0 = Debug|Win32
		{1598BC51-DFD3-4391-81BF-91A7A02A0DCE}.Release|x64.ActiveCfg = Release|x64
		{1598BC51-DFD3-4391-81BF-91A7A02A0DCE}.Release|x64.Build.0 = Release|x64
		{1598BC51-DFD3-4391-81BF-91A7A02A0DCE}.Release|x86.ActiveCfg = Release|Win32
		{1598BC51-DFD3-4391-81BF-91A7A02A0DCE}.Release|x86.Build.0 = Release|Win32
	EndGlobalSection
	GlobalSection(SolutionProperties) = preSolution
		HideSolutionNode = FALSE
	EndGlobalSection
	GlobalSection(ExtensibilityGlobals) = postSolution
		SolutionGuid = {EACC3E72-6718-4F45-A6F7-61DD30BE003D}
	EndGlobalSection
EndGlobal
